// !$*UTF8*$!
{
	archiveVersion = 1;
	classes = {
	};
	objectVersion = 55;
	objects = {

/* Begin PBXBuildFile section */
		1B17E4ED27ABD25500C8BCD9 /* Environment.swift in Sources */ = {isa = PBXBuildFile; fileRef = 1B17E4EC27ABD25500C8BCD9 /* Environment.swift */; };
		1B17E4F327ABD41300C8BCD9 /* String+Utilities.swift in Sources */ = {isa = PBXBuildFile; fileRef = 1B17E4F227ABD41300C8BCD9 /* String+Utilities.swift */; };
		1B17E4F827ABEB1000C8BCD9 /* Character.swift in Sources */ = {isa = PBXBuildFile; fileRef = 1B17E4F727ABEB1000C8BCD9 /* Character.swift */; };
		1B17E4FA27ABED8800C8BCD9 /* Thumbnail.swift in Sources */ = {isa = PBXBuildFile; fileRef = 1B17E4F927ABED8700C8BCD9 /* Thumbnail.swift */; };
		1B17E4FD27ABEDD900C8BCD9 /* Item.swift in Sources */ = {isa = PBXBuildFile; fileRef = 1B17E4FC27ABEDD900C8BCD9 /* Item.swift */; };
		1B17E4FF27ABEE3100C8BCD9 /* Content.swift in Sources */ = {isa = PBXBuildFile; fileRef = 1B17E4FE27ABEE3100C8BCD9 /* Content.swift */; };
		1B17E50427AC218600C8BCD9 /* MainTableViewCell.swift in Sources */ = {isa = PBXBuildFile; fileRef = 1B17E50327AC218600C8BCD9 /* MainTableViewCell.swift */; };
		1B17E50727AC249F00C8BCD9 /* OpenBankComponents in Frameworks */ = {isa = PBXBuildFile; productRef = 1B17E50627AC249F00C8BCD9 /* OpenBankComponents */; };
		1B17E50927AC24E600C8BCD9 /* UITableView+Utilities.swift in Sources */ = {isa = PBXBuildFile; fileRef = 1B17E50827AC24E600C8BCD9 /* UITableView+Utilities.swift */; };
		1B586C7627A96C5E005B2E30 /* AppDelegate.swift in Sources */ = {isa = PBXBuildFile; fileRef = 1B586C7527A96C5E005B2E30 /* AppDelegate.swift */; };
		1B586C7827A96C5E005B2E30 /* SceneDelegate.swift in Sources */ = {isa = PBXBuildFile; fileRef = 1B586C7727A96C5E005B2E30 /* SceneDelegate.swift */; };
		1B586C7F27A96C60005B2E30 /* Assets.xcassets in Resources */ = {isa = PBXBuildFile; fileRef = 1B586C7E27A96C60005B2E30 /* Assets.xcassets */; };
		1B586C8227A96C60005B2E30 /* LaunchScreen.storyboard in Resources */ = {isa = PBXBuildFile; fileRef = 1B586C8027A96C60005B2E30 /* LaunchScreen.storyboard */; };
		1B586C8D27A96C60005B2E30 /* OpenBankTestTests.swift in Sources */ = {isa = PBXBuildFile; fileRef = 1B586C8C27A96C60005B2E30 /* OpenBankTestTests.swift */; };
		1B586C9727A96C60005B2E30 /* OpenBankTestUITests.swift in Sources */ = {isa = PBXBuildFile; fileRef = 1B586C9627A96C60005B2E30 /* OpenBankTestUITests.swift */; };
		1B586C9927A96C60005B2E30 /* OpenBankTestUITestsLaunchTests.swift in Sources */ = {isa = PBXBuildFile; fileRef = 1B586C9827A96C60005B2E30 /* OpenBankTestUITestsLaunchTests.swift */; };
		1B586CAF27A96F04005B2E30 /* RootCoordinator.swift in Sources */ = {isa = PBXBuildFile; fileRef = 1B586CAE27A96F04005B2E30 /* RootCoordinator.swift */; };
		1B586CB227A96F16005B2E30 /* RootContainer.swift in Sources */ = {isa = PBXBuildFile; fileRef = 1B586CB127A96F16005B2E30 /* RootContainer.swift */; };
		1B586CB527A96F2E005B2E30 /* Networking in Frameworks */ = {isa = PBXBuildFile; productRef = 1B586CB427A96F2E005B2E30 /* Networking */; };
		1B586CB727A96F74005B2E30 /* RootFactory.swift in Sources */ = {isa = PBXBuildFile; fileRef = 1B586CB627A96F74005B2E30 /* RootFactory.swift */; };
		1B586CB927A97048005B2E30 /* API.swift in Sources */ = {isa = PBXBuildFile; fileRef = 1B586CB827A97048005B2E30 /* API.swift */; };
		1B586CBC27A97164005B2E30 /* Debugger.swift in Sources */ = {isa = PBXBuildFile; fileRef = 1B586CBB27A97164005B2E30 /* Debugger.swift */; };
		1B586CBE27A9717B005B2E30 /* DebuggerContracts+Utilities.swift in Sources */ = {isa = PBXBuildFile; fileRef = 1B586CBD27A9717B005B2E30 /* DebuggerContracts+Utilities.swift */; };
		1B586CC227A971A8005B2E30 /* MainViewController.swift in Sources */ = {isa = PBXBuildFile; fileRef = 1B586CC127A971A8005B2E30 /* MainViewController.swift */; };
		1B586CC427A97202005B2E30 /* MainViewViewModel.swift in Sources */ = {isa = PBXBuildFile; fileRef = 1B586CC327A97202005B2E30 /* MainViewViewModel.swift */; };
		1B586CC627A97219005B2E30 /* MainViewContracts+Utilities.swift in Sources */ = {isa = PBXBuildFile; fileRef = 1B586CC527A97219005B2E30 /* MainViewContracts+Utilities.swift */; };
		1B586CC827A97299005B2E30 /* MainViewDataProvider.swift in Sources */ = {isa = PBXBuildFile; fileRef = 1B586CC727A97299005B2E30 /* MainViewDataProvider.swift */; };
/* End PBXBuildFile section */

/* Begin PBXContainerItemProxy section */
		1B586C8927A96C60005B2E30 /* PBXContainerItemProxy */ = {
			isa = PBXContainerItemProxy;
			containerPortal = 1B586C6A27A96C5E005B2E30 /* Project object */;
			proxyType = 1;
			remoteGlobalIDString = 1B586C7127A96C5E005B2E30;
			remoteInfo = OpenBankTest;
		};
		1B586C9327A96C60005B2E30 /* PBXContainerItemProxy */ = {
			isa = PBXContainerItemProxy;
			containerPortal = 1B586C6A27A96C5E005B2E30 /* Project object */;
			proxyType = 1;
			remoteGlobalIDString = 1B586C7127A96C5E005B2E30;
			remoteInfo = OpenBankTest;
		};
/* End PBXContainerItemProxy section */

/* Begin PBXFileReference section */
		1B17E4EC27ABD25500C8BCD9 /* Environment.swift */ = {isa = PBXFileReference; lastKnownFileType = sourcecode.swift; path = Environment.swift; sourceTree = "<group>"; };
		1B17E4F227ABD41300C8BCD9 /* String+Utilities.swift */ = {isa = PBXFileReference; lastKnownFileType = sourcecode.swift; path = "String+Utilities.swift"; sourceTree = "<group>"; };
		1B17E4F727ABEB1000C8BCD9 /* Character.swift */ = {isa = PBXFileReference; lastKnownFileType = sourcecode.swift; path = Character.swift; sourceTree = "<group>"; };
		1B17E4F927ABED8700C8BCD9 /* Thumbnail.swift */ = {isa = PBXFileReference; lastKnownFileType = sourcecode.swift; path = Thumbnail.swift; sourceTree = "<group>"; };
		1B17E4FC27ABEDD900C8BCD9 /* Item.swift */ = {isa = PBXFileReference; lastKnownFileType = sourcecode.swift; path = Item.swift; sourceTree = "<group>"; };
		1B17E4FE27ABEE3100C8BCD9 /* Content.swift */ = {isa = PBXFileReference; lastKnownFileType = sourcecode.swift; path = Content.swift; sourceTree = "<group>"; };
		1B17E50327AC218600C8BCD9 /* MainTableViewCell.swift */ = {isa = PBXFileReference; lastKnownFileType = sourcecode.swift; path = MainTableViewCell.swift; sourceTree = "<group>"; };
		1B17E50527AC23F400C8BCD9 /* OpenBankComponents */ = {isa = PBXFileReference; lastKnownFileType = wrapper; path = OpenBankComponents; sourceTree = "<group>"; };
		1B17E50827AC24E600C8BCD9 /* UITableView+Utilities.swift */ = {isa = PBXFileReference; lastKnownFileType = sourcecode.swift; path = "UITableView+Utilities.swift"; sourceTree = "<group>"; };
		1B586C7227A96C5E005B2E30 /* OpenBankTest.app */ = {isa = PBXFileReference; explicitFileType = wrapper.application; includeInIndex = 0; path = OpenBankTest.app; sourceTree = BUILT_PRODUCTS_DIR; };
		1B586C7527A96C5E005B2E30 /* AppDelegate.swift */ = {isa = PBXFileReference; lastKnownFileType = sourcecode.swift; path = AppDelegate.swift; sourceTree = "<group>"; };
		1B586C7727A96C5E005B2E30 /* SceneDelegate.swift */ = {isa = PBXFileReference; lastKnownFileType = sourcecode.swift; path = SceneDelegate.swift; sourceTree = "<group>"; };
		1B586C7E27A96C60005B2E30 /* Assets.xcassets */ = {isa = PBXFileReference; lastKnownFileType = folder.assetcatalog; path = Assets.xcassets; sourceTree = "<group>"; };
		1B586C8127A96C60005B2E30 /* Base */ = {isa = PBXFileReference; lastKnownFileType = file.storyboard; name = Base; path = Base.lproj/LaunchScreen.storyboard; sourceTree = "<group>"; };
		1B586C8327A96C60005B2E30 /* Info.plist */ = {isa = PBXFileReference; lastKnownFileType = text.plist.xml; path = Info.plist; sourceTree = "<group>"; };
		1B586C8827A96C60005B2E30 /* OpenBankTestTests.xctest */ = {isa = PBXFileReference; explicitFileType = wrapper.cfbundle; includeInIndex = 0; path = OpenBankTestTests.xctest; sourceTree = BUILT_PRODUCTS_DIR; };
		1B586C8C27A96C60005B2E30 /* OpenBankTestTests.swift */ = {isa = PBXFileReference; lastKnownFileType = sourcecode.swift; path = OpenBankTestTests.swift; sourceTree = "<group>"; };
		1B586C9227A96C60005B2E30 /* OpenBankTestUITests.xctest */ = {isa = PBXFileReference; explicitFileType = wrapper.cfbundle; includeInIndex = 0; path = OpenBankTestUITests.xctest; sourceTree = BUILT_PRODUCTS_DIR; };
		1B586C9627A96C60005B2E30 /* OpenBankTestUITests.swift */ = {isa = PBXFileReference; lastKnownFileType = sourcecode.swift; path = OpenBankTestUITests.swift; sourceTree = "<group>"; };
		1B586C9827A96C60005B2E30 /* OpenBankTestUITestsLaunchTests.swift */ = {isa = PBXFileReference; lastKnownFileType = sourcecode.swift; path = OpenBankTestUITestsLaunchTests.swift; sourceTree = "<group>"; };
		1B586CA627A96CD0005B2E30 /* Networking */ = {isa = PBXFileReference; lastKnownFileType = wrapper; path = Networking; sourceTree = "<group>"; };
		1B586CAE27A96F04005B2E30 /* RootCoordinator.swift */ = {isa = PBXFileReference; lastKnownFileType = sourcecode.swift; path = RootCoordinator.swift; sourceTree = "<group>"; };
		1B586CB127A96F16005B2E30 /* RootContainer.swift */ = {isa = PBXFileReference; lastKnownFileType = sourcecode.swift; path = RootContainer.swift; sourceTree = "<group>"; };
		1B586CB627A96F74005B2E30 /* RootFactory.swift */ = {isa = PBXFileReference; lastKnownFileType = sourcecode.swift; path = RootFactory.swift; sourceTree = "<group>"; };
		1B586CB827A97048005B2E30 /* API.swift */ = {isa = PBXFileReference; lastKnownFileType = sourcecode.swift; path = API.swift; sourceTree = "<group>"; };
		1B586CBB27A97164005B2E30 /* Debugger.swift */ = {isa = PBXFileReference; lastKnownFileType = sourcecode.swift; path = Debugger.swift; sourceTree = "<group>"; };
		1B586CBD27A9717B005B2E30 /* DebuggerContracts+Utilities.swift */ = {isa = PBXFileReference; lastKnownFileType = sourcecode.swift; path = "DebuggerContracts+Utilities.swift"; sourceTree = "<group>"; };
		1B586CC127A971A8005B2E30 /* MainViewController.swift */ = {isa = PBXFileReference; lastKnownFileType = sourcecode.swift; path = MainViewController.swift; sourceTree = "<group>"; };
		1B586CC327A97202005B2E30 /* MainViewViewModel.swift */ = {isa = PBXFileReference; lastKnownFileType = sourcecode.swift; path = MainViewViewModel.swift; sourceTree = "<group>"; };
		1B586CC527A97219005B2E30 /* MainViewContracts+Utilities.swift */ = {isa = PBXFileReference; lastKnownFileType = sourcecode.swift; path = "MainViewContracts+Utilities.swift"; sourceTree = "<group>"; };
		1B586CC727A97299005B2E30 /* MainViewDataProvider.swift */ = {isa = PBXFileReference; lastKnownFileType = sourcecode.swift; path = MainViewDataProvider.swift; sourceTree = "<group>"; };
/* End PBXFileReference section */

/* Begin PBXFrameworksBuildPhase section */
		1B586C6F27A96C5E005B2E30 /* Frameworks */ = {
			isa = PBXFrameworksBuildPhase;
			buildActionMask = 2147483647;
			files = (
				1B17E50727AC249F00C8BCD9 /* OpenBankComponents in Frameworks */,
				1B586CB527A96F2E005B2E30 /* Networking in Frameworks */,
			);
			runOnlyForDeploymentPostprocessing = 0;
		};
		1B586C8527A96C60005B2E30 /* Frameworks */ = {
			isa = PBXFrameworksBuildPhase;
			buildActionMask = 2147483647;
			files = (
			);
			runOnlyForDeploymentPostprocessing = 0;
		};
		1B586C8F27A96C60005B2E30 /* Frameworks */ = {
			isa = PBXFrameworksBuildPhase;
			buildActionMask = 2147483647;
			files = (
			);
			runOnlyForDeploymentPostprocessing = 0;
		};
/* End PBXFrameworksBuildPhase section */

/* Begin PBXGroup section */
		1B17E4EB27ABD23100C8BCD9 /* Environment */ = {
			isa = PBXGroup;
			children = (
				1B17E4EC27ABD25500C8BCD9 /* Environment.swift */,
			);
			path = Environment;
			sourceTree = "<group>";
		};
		1B17E4F127ABD40300C8BCD9 /* Extensions */ = {
			isa = PBXGroup;
			children = (
				1B17E4F227ABD41300C8BCD9 /* String+Utilities.swift */,
				1B17E50827AC24E600C8BCD9 /* UITableView+Utilities.swift */,
			);
			path = Extensions;
			sourceTree = "<group>";
		};
		1B17E4F627ABEAF000C8BCD9 /* Models */ = {
			isa = PBXGroup;
			children = (
				1B17E4F727ABEB1000C8BCD9 /* Character.swift */,
				1B17E4FC27ABEDD900C8BCD9 /* Item.swift */,
				1B17E4F927ABED8700C8BCD9 /* Thumbnail.swift */,
				1B17E4FE27ABEE3100C8BCD9 /* Content.swift */,
			);
			path = Models;
			sourceTree = "<group>";
		};
		1B17E50227AC214800C8BCD9 /* Cells */ = {
			isa = PBXGroup;
			children = (
				1B17E50327AC218600C8BCD9 /* MainTableViewCell.swift */,
			);
			path = Cells;
			sourceTree = "<group>";
		};
		1B586C6927A96C5E005B2E30 = {
			isa = PBXGroup;
			children = (
				1B586C7427A96C5E005B2E30 /* OpenBankTest */,
				1B586C8B27A96C60005B2E30 /* OpenBankTestTests */,
				1B586C9527A96C60005B2E30 /* OpenBankTestUITests */,
				1B586C7327A96C5E005B2E30 /* Products */,
				1B586CB327A96F2E005B2E30 /* Frameworks */,
			);
			sourceTree = "<group>";
		};
		1B586C7327A96C5E005B2E30 /* Products */ = {
			isa = PBXGroup;
			children = (
				1B586C7227A96C5E005B2E30 /* OpenBankTest.app */,
				1B586C8827A96C60005B2E30 /* OpenBankTestTests.xctest */,
				1B586C9227A96C60005B2E30 /* OpenBankTestUITests.xctest */,
			);
			name = Products;
			sourceTree = "<group>";
		};
		1B586C7427A96C5E005B2E30 /* OpenBankTest */ = {
			isa = PBXGroup;
			children = (
				1B586CA727A96EA2005B2E30 /* App */,
				1B586C8327A96C60005B2E30 /* Info.plist */,
				1B586CA527A96CBA005B2E30 /* Modules */,
			);
			path = OpenBankTest;
			sourceTree = "<group>";
		};
		1B586C8B27A96C60005B2E30 /* OpenBankTestTests */ = {
			isa = PBXGroup;
			children = (
				1B586C8C27A96C60005B2E30 /* OpenBankTestTests.swift */,
			);
			path = OpenBankTestTests;
			sourceTree = "<group>";
		};
		1B586C9527A96C60005B2E30 /* OpenBankTestUITests */ = {
			isa = PBXGroup;
			children = (
				1B586C9627A96C60005B2E30 /* OpenBankTestUITests.swift */,
				1B586C9827A96C60005B2E30 /* OpenBankTestUITestsLaunchTests.swift */,
			);
			path = OpenBankTestUITests;
			sourceTree = "<group>";
		};
		1B586CA527A96CBA005B2E30 /* Modules */ = {
			isa = PBXGroup;
			children = (
				1B17E50527AC23F400C8BCD9 /* OpenBankComponents */,
				1B586CA627A96CD0005B2E30 /* Networking */,
			);
			path = Modules;
			sourceTree = "<group>";
		};
		1B586CA727A96EA2005B2E30 /* App */ = {
			isa = PBXGroup;
			children = (
				1B586CBA27A97158005B2E30 /* Managers */,
				1B586CAA27A96EB2005B2E30 /* Resources */,
				1B586CA927A96EAC005B2E30 /* Domain */,
				1B586CA827A96EA7005B2E30 /* Scenes */,
				1B586CAD27A96EDF005B2E30 /* Root */,
				1B586C7527A96C5E005B2E30 /* AppDelegate.swift */,
				1B586C7727A96C5E005B2E30 /* SceneDelegate.swift */,
			);
			path = App;
			sourceTree = "<group>";
		};
		1B586CA827A96EA7005B2E30 /* Scenes */ = {
			isa = PBXGroup;
			children = (
				1B586CAC27A96ED2005B2E30 /* MainView */,
			);
			path = Scenes;
			sourceTree = "<group>";
		};
		1B586CA927A96EAC005B2E30 /* Domain */ = {
			isa = PBXGroup;
			children = (
				1B586CB827A97048005B2E30 /* API.swift */,
				1B17E4F627ABEAF000C8BCD9 /* Models */,
				1B17E4EB27ABD23100C8BCD9 /* Environment */,
			);
			path = Domain;
			sourceTree = "<group>";
		};
		1B586CAA27A96EB2005B2E30 /* Resources */ = {
			isa = PBXGroup;
			children = (
				1B586C8027A96C60005B2E30 /* LaunchScreen.storyboard */,
				1B586C7E27A96C60005B2E30 /* Assets.xcassets */,
			);
			path = Resources;
			sourceTree = "<group>";
		};
		1B586CAC27A96ED2005B2E30 /* MainView */ = {
			isa = PBXGroup;
			children = (
				1B17E50227AC214800C8BCD9 /* Cells */,
				1B586CC127A971A8005B2E30 /* MainViewController.swift */,
				1B586CC327A97202005B2E30 /* MainViewViewModel.swift */,
				1B586CC527A97219005B2E30 /* MainViewContracts+Utilities.swift */,
				1B586CC727A97299005B2E30 /* MainViewDataProvider.swift */,
			);
			path = MainView;
			sourceTree = "<group>";
		};
		1B586CAD27A96EDF005B2E30 /* Root */ = {
			isa = PBXGroup;
			children = (
				1B586CAE27A96F04005B2E30 /* RootCoordinator.swift */,
				1B586CB627A96F74005B2E30 /* RootFactory.swift */,
				1B586CB127A96F16005B2E30 /* RootContainer.swift */,
			);
			path = Root;
			sourceTree = "<group>";
		};
		1B586CB327A96F2E005B2E30 /* Frameworks */ = {
			isa = PBXGroup;
			children = (
			);
			name = Frameworks;
			sourceTree = "<group>";
		};
		1B586CBA27A97158005B2E30 /* Managers */ = {
			isa = PBXGroup;
			children = (
				1B17E4F127ABD40300C8BCD9 /* Extensions */,
				1B586CBF27A97181005B2E30 /* Debugger */,
			);
			path = Managers;
			sourceTree = "<group>";
		};
		1B586CBF27A97181005B2E30 /* Debugger */ = {
			isa = PBXGroup;
			children = (
				1B586CBB27A97164005B2E30 /* Debugger.swift */,
				1B586CBD27A9717B005B2E30 /* DebuggerContracts+Utilities.swift */,
			);
			path = Debugger;
			sourceTree = "<group>";
		};
/* End PBXGroup section */

/* Begin PBXNativeTarget section */
		1B586C7127A96C5E005B2E30 /* OpenBankTest */ = {
			isa = PBXNativeTarget;
			buildConfigurationList = 1B586C9C27A96C60005B2E30 /* Build configuration list for PBXNativeTarget "OpenBankTest" */;
			buildPhases = (
				1B586C6E27A96C5E005B2E30 /* Sources */,
				1B586C6F27A96C5E005B2E30 /* Frameworks */,
				1B586C7027A96C5E005B2E30 /* Resources */,
			);
			buildRules = (
			);
			dependencies = (
			);
			name = OpenBankTest;
			packageProductDependencies = (
				1B586CB427A96F2E005B2E30 /* Networking */,
				1B17E50627AC249F00C8BCD9 /* OpenBankComponents */,
			);
			productName = OpenBankTest;
			productReference = 1B586C7227A96C5E005B2E30 /* OpenBankTest.app */;
			productType = "com.apple.product-type.application";
		};
		1B586C8727A96C60005B2E30 /* OpenBankTestTests */ = {
			isa = PBXNativeTarget;
			buildConfigurationList = 1B586C9F27A96C60005B2E30 /* Build configuration list for PBXNativeTarget "OpenBankTestTests" */;
			buildPhases = (
				1B586C8427A96C60005B2E30 /* Sources */,
				1B586C8527A96C60005B2E30 /* Frameworks */,
				1B586C8627A96C60005B2E30 /* Resources */,
			);
			buildRules = (
			);
			dependencies = (
				1B586C8A27A96C60005B2E30 /* PBXTargetDependency */,
			);
			name = OpenBankTestTests;
			productName = OpenBankTestTests;
			productReference = 1B586C8827A96C60005B2E30 /* OpenBankTestTests.xctest */;
			productType = "com.apple.product-type.bundle.unit-test";
		};
		1B586C9127A96C60005B2E30 /* OpenBankTestUITests */ = {
			isa = PBXNativeTarget;
			buildConfigurationList = 1B586CA227A96C60005B2E30 /* Build configuration list for PBXNativeTarget "OpenBankTestUITests" */;
			buildPhases = (
				1B586C8E27A96C60005B2E30 /* Sources */,
				1B586C8F27A96C60005B2E30 /* Frameworks */,
				1B586C9027A96C60005B2E30 /* Resources */,
			);
			buildRules = (
			);
			dependencies = (
				1B586C9427A96C60005B2E30 /* PBXTargetDependency */,
			);
			name = OpenBankTestUITests;
			productName = OpenBankTestUITests;
			productReference = 1B586C9227A96C60005B2E30 /* OpenBankTestUITests.xctest */;
			productType = "com.apple.product-type.bundle.ui-testing";
		};
/* End PBXNativeTarget section */

/* Begin PBXProject section */
		1B586C6A27A96C5E005B2E30 /* Project object */ = {
			isa = PBXProject;
			attributes = {
				BuildIndependentTargetsInParallel = 1;
				LastSwiftUpdateCheck = 1320;
				LastUpgradeCheck = 1320;
				TargetAttributes = {
					1B586C7127A96C5E005B2E30 = {
						CreatedOnToolsVersion = 13.2.1;
					};
					1B586C8727A96C60005B2E30 = {
						CreatedOnToolsVersion = 13.2.1;
						TestTargetID = 1B586C7127A96C5E005B2E30;
					};
					1B586C9127A96C60005B2E30 = {
						CreatedOnToolsVersion = 13.2.1;
						TestTargetID = 1B586C7127A96C5E005B2E30;
					};
				};
			};
			buildConfigurationList = 1B586C6D27A96C5E005B2E30 /* Build configuration list for PBXProject "OpenBankTest" */;
			compatibilityVersion = "Xcode 13.0";
			developmentRegion = en;
			hasScannedForEncodings = 0;
			knownRegions = (
				en,
				Base,
			);
			mainGroup = 1B586C6927A96C5E005B2E30;
			productRefGroup = 1B586C7327A96C5E005B2E30 /* Products */;
			projectDirPath = "";
			projectRoot = "";
			targets = (
				1B586C7127A96C5E005B2E30 /* OpenBankTest */,
				1B586C8727A96C60005B2E30 /* OpenBankTestTests */,
				1B586C9127A96C60005B2E30 /* OpenBankTestUITests */,
			);
		};
/* End PBXProject section */

/* Begin PBXResourcesBuildPhase section */
		1B586C7027A96C5E005B2E30 /* Resources */ = {
			isa = PBXResourcesBuildPhase;
			buildActionMask = 2147483647;
			files = (
				1B586C8227A96C60005B2E30 /* LaunchScreen.storyboard in Resources */,
				1B586C7F27A96C60005B2E30 /* Assets.xcassets in Resources */,
			);
			runOnlyForDeploymentPostprocessing = 0;
		};
		1B586C8627A96C60005B2E30 /* Resources */ = {
			isa = PBXResourcesBuildPhase;
			buildActionMask = 2147483647;
			files = (
			);
			runOnlyForDeploymentPostprocessing = 0;
		};
		1B586C9027A96C60005B2E30 /* Resources */ = {
			isa = PBXResourcesBuildPhase;
			buildActionMask = 2147483647;
			files = (
			);
			runOnlyForDeploymentPostprocessing = 0;
		};
/* End PBXResourcesBuildPhase section */

/* Begin PBXSourcesBuildPhase section */
		1B586C6E27A96C5E005B2E30 /* Sources */ = {
			isa = PBXSourcesBuildPhase;
			buildActionMask = 2147483647;
			files = (
				1B17E4FD27ABEDD900C8BCD9 /* Item.swift in Sources */,
				1B586C7627A96C5E005B2E30 /* AppDelegate.swift in Sources */,
				1B17E50927AC24E600C8BCD9 /* UITableView+Utilities.swift in Sources */,
				1B586CBC27A97164005B2E30 /* Debugger.swift in Sources */,
				1B586CC627A97219005B2E30 /* MainViewContracts+Utilities.swift in Sources */,
				1B586CB727A96F74005B2E30 /* RootFactory.swift in Sources */,
				1B17E4F827ABEB1000C8BCD9 /* Character.swift in Sources */,
				1B586CBE27A9717B005B2E30 /* DebuggerContracts+Utilities.swift in Sources */,
				1B17E4FF27ABEE3100C8BCD9 /* Content.swift in Sources */,
				1B586CB227A96F16005B2E30 /* RootContainer.swift in Sources */,
				1B586CC827A97299005B2E30 /* MainViewDataProvider.swift in Sources */,
				1B586CAF27A96F04005B2E30 /* RootCoordinator.swift in Sources */,
				1B17E4ED27ABD25500C8BCD9 /* Environment.swift in Sources */,
				1B17E4F327ABD41300C8BCD9 /* String+Utilities.swift in Sources */,
				1B586CC227A971A8005B2E30 /* MainViewController.swift in Sources */,
				1B17E50427AC218600C8BCD9 /* MainTableViewCell.swift in Sources */,
				1B586CB927A97048005B2E30 /* API.swift in Sources */,
				1B586CC427A97202005B2E30 /* MainViewViewModel.swift in Sources */,
				1B17E4FA27ABED8800C8BCD9 /* Thumbnail.swift in Sources */,
				1B586C7827A96C5E005B2E30 /* SceneDelegate.swift in Sources */,
			);
			runOnlyForDeploymentPostprocessing = 0;
		};
		1B586C8427A96C60005B2E30 /* Sources */ = {
			isa = PBXSourcesBuildPhase;
			buildActionMask = 2147483647;
			files = (
				1B586C8D27A96C60005B2E30 /* OpenBankTestTests.swift in Sources */,
			);
			runOnlyForDeploymentPostprocessing = 0;
		};
		1B586C8E27A96C60005B2E30 /* Sources */ = {
			isa = PBXSourcesBuildPhase;
			buildActionMask = 2147483647;
			files = (
				1B586C9927A96C60005B2E30 /* OpenBankTestUITestsLaunchTests.swift in Sources */,
				1B586C9727A96C60005B2E30 /* OpenBankTestUITests.swift in Sources */,
			);
			runOnlyForDeploymentPostprocessing = 0;
		};
/* End PBXSourcesBuildPhase section */

/* Begin PBXTargetDependency section */
		1B586C8A27A96C60005B2E30 /* PBXTargetDependency */ = {
			isa = PBXTargetDependency;
			target = 1B586C7127A96C5E005B2E30 /* OpenBankTest */;
			targetProxy = 1B586C8927A96C60005B2E30 /* PBXContainerItemProxy */;
		};
		1B586C9427A96C60005B2E30 /* PBXTargetDependency */ = {
			isa = PBXTargetDependency;
			target = 1B586C7127A96C5E005B2E30 /* OpenBankTest */;
			targetProxy = 1B586C9327A96C60005B2E30 /* PBXContainerItemProxy */;
		};
/* End PBXTargetDependency section */

/* Begin PBXVariantGroup section */
		1B586C8027A96C60005B2E30 /* LaunchScreen.storyboard */ = {
			isa = PBXVariantGroup;
			children = (
				1B586C8127A96C60005B2E30 /* Base */,
			);
			name = LaunchScreen.storyboard;
			sourceTree = "<group>";
		};
/* End PBXVariantGroup section */

/* Begin XCBuildConfiguration section */
		1B586C9A27A96C60005B2E30 /* Debug */ = {
			isa = XCBuildConfiguration;
			buildSettings = {
				ALWAYS_SEARCH_USER_PATHS = NO;
				CLANG_ANALYZER_NONNULL = YES;
				CLANG_ANALYZER_NUMBER_OBJECT_CONVERSION = YES_AGGRESSIVE;
				CLANG_CXX_LANGUAGE_STANDARD = "gnu++17";
				CLANG_CXX_LIBRARY = "libc++";
				CLANG_ENABLE_MODULES = YES;
				CLANG_ENABLE_OBJC_ARC = YES;
				CLANG_ENABLE_OBJC_WEAK = YES;
				CLANG_WARN_BLOCK_CAPTURE_AUTORELEASING = YES;
				CLANG_WARN_BOOL_CONVERSION = YES;
				CLANG_WARN_COMMA = YES;
				CLANG_WARN_CONSTANT_CONVERSION = YES;
				CLANG_WARN_DEPRECATED_OBJC_IMPLEMENTATIONS = YES;
				CLANG_WARN_DIRECT_OBJC_ISA_USAGE = YES_ERROR;
				CLANG_WARN_DOCUMENTATION_COMMENTS = YES;
				CLANG_WARN_EMPTY_BODY = YES;
				CLANG_WARN_ENUM_CONVERSION = YES;
				CLANG_WARN_INFINITE_RECURSION = YES;
				CLANG_WARN_INT_CONVERSION = YES;
				CLANG_WARN_NON_LITERAL_NULL_CONVERSION = YES;
				CLANG_WARN_OBJC_IMPLICIT_RETAIN_SELF = YES;
				CLANG_WARN_OBJC_LITERAL_CONVERSION = YES;
				CLANG_WARN_OBJC_ROOT_CLASS = YES_ERROR;
				CLANG_WARN_QUOTED_INCLUDE_IN_FRAMEWORK_HEADER = YES;
				CLANG_WARN_RANGE_LOOP_ANALYSIS = YES;
				CLANG_WARN_STRICT_PROTOTYPES = YES;
				CLANG_WARN_SUSPICIOUS_MOVE = YES;
				CLANG_WARN_UNGUARDED_AVAILABILITY = YES_AGGRESSIVE;
				CLANG_WARN_UNREACHABLE_CODE = YES;
				CLANG_WARN__DUPLICATE_METHOD_MATCH = YES;
				COPY_PHASE_STRIP = NO;
				DEBUG_INFORMATION_FORMAT = dwarf;
				ENABLE_STRICT_OBJC_MSGSEND = YES;
				ENABLE_TESTABILITY = YES;
				GCC_C_LANGUAGE_STANDARD = gnu11;
				GCC_DYNAMIC_NO_PIC = NO;
				GCC_NO_COMMON_BLOCKS = YES;
				GCC_OPTIMIZATION_LEVEL = 0;
				GCC_PREPROCESSOR_DEFINITIONS = (
					"DEBUG=1",
					"$(inherited)",
				);
				GCC_WARN_64_TO_32_BIT_CONVERSION = YES;
				GCC_WARN_ABOUT_RETURN_TYPE = YES_ERROR;
				GCC_WARN_UNDECLARED_SELECTOR = YES;
				GCC_WARN_UNINITIALIZED_AUTOS = YES_AGGRESSIVE;
				GCC_WARN_UNUSED_FUNCTION = YES;
				GCC_WARN_UNUSED_VARIABLE = YES;
				IPHONEOS_DEPLOYMENT_TARGET = 15.2;
				MTL_ENABLE_DEBUG_INFO = INCLUDE_SOURCE;
				MTL_FAST_MATH = YES;
				ONLY_ACTIVE_ARCH = YES;
				SDKROOT = iphoneos;
				SWIFT_ACTIVE_COMPILATION_CONDITIONS = DEBUG;
				SWIFT_OPTIMIZATION_LEVEL = "-Onone";
			};
			name = Debug;
		};
		1B586C9B27A96C60005B2E30 /* Release */ = {
			isa = XCBuildConfiguration;
			buildSettings = {
				ALWAYS_SEARCH_USER_PATHS = NO;
				CLANG_ANALYZER_NONNULL = YES;
				CLANG_ANALYZER_NUMBER_OBJECT_CONVERSION = YES_AGGRESSIVE;
				CLANG_CXX_LANGUAGE_STANDARD = "gnu++17";
				CLANG_CXX_LIBRARY = "libc++";
				CLANG_ENABLE_MODULES = YES;
				CLANG_ENABLE_OBJC_ARC = YES;
				CLANG_ENABLE_OBJC_WEAK = YES;
				CLANG_WARN_BLOCK_CAPTURE_AUTORELEASING = YES;
				CLANG_WARN_BOOL_CONVERSION = YES;
				CLANG_WARN_COMMA = YES;
				CLANG_WARN_CONSTANT_CONVERSION = YES;
				CLANG_WARN_DEPRECATED_OBJC_IMPLEMENTATIONS = YES;
				CLANG_WARN_DIRECT_OBJC_ISA_USAGE = YES_ERROR;
				CLANG_WARN_DOCUMENTATION_COMMENTS = YES;
				CLANG_WARN_EMPTY_BODY = YES;
				CLANG_WARN_ENUM_CONVERSION = YES;
				CLANG_WARN_INFINITE_RECURSION = YES;
				CLANG_WARN_INT_CONVERSION = YES;
				CLANG_WARN_NON_LITERAL_NULL_CONVERSION = YES;
				CLANG_WARN_OBJC_IMPLICIT_RETAIN_SELF = YES;
				CLANG_WARN_OBJC_LITERAL_CONVERSION = YES;
				CLANG_WARN_OBJC_ROOT_CLASS = YES_ERROR;
				CLANG_WARN_QUOTED_INCLUDE_IN_FRAMEWORK_HEADER = YES;
				CLANG_WARN_RANGE_LOOP_ANALYSIS = YES;
				CLANG_WARN_STRICT_PROTOTYPES = YES;
				CLANG_WARN_SUSPICIOUS_MOVE = YES;
				CLANG_WARN_UNGUARDED_AVAILABILITY = YES_AGGRESSIVE;
				CLANG_WARN_UNREACHABLE_CODE = YES;
				CLANG_WARN__DUPLICATE_METHOD_MATCH = YES;
				COPY_PHASE_STRIP = NO;
				DEBUG_INFORMATION_FORMAT = "dwarf-with-dsym";
				ENABLE_NS_ASSERTIONS = NO;
				ENABLE_STRICT_OBJC_MSGSEND = YES;
				GCC_C_LANGUAGE_STANDARD = gnu11;
				GCC_NO_COMMON_BLOCKS = YES;
				GCC_WARN_64_TO_32_BIT_CONVERSION = YES;
				GCC_WARN_ABOUT_RETURN_TYPE = YES_ERROR;
				GCC_WARN_UNDECLARED_SELECTOR = YES;
				GCC_WARN_UNINITIALIZED_AUTOS = YES_AGGRESSIVE;
				GCC_WARN_UNUSED_FUNCTION = YES;
				GCC_WARN_UNUSED_VARIABLE = YES;
				IPHONEOS_DEPLOYMENT_TARGET = 15.2;
				MTL_ENABLE_DEBUG_INFO = NO;
				MTL_FAST_MATH = YES;
				SDKROOT = iphoneos;
				SWIFT_COMPILATION_MODE = wholemodule;
				SWIFT_OPTIMIZATION_LEVEL = "-O";
				VALIDATE_PRODUCT = YES;
			};
			name = Release;
		};
		1B586C9D27A96C60005B2E30 /* Debug */ = {
			isa = XCBuildConfiguration;
			buildSettings = {
				ASSETCATALOG_COMPILER_APPICON_NAME = AppIcon;
				ASSETCATALOG_COMPILER_GLOBAL_ACCENT_COLOR_NAME = AccentColor;
				CODE_SIGN_STYLE = Automatic;
				CURRENT_PROJECT_VERSION = 1;
				DEVELOPMENT_TEAM = VPNL9JW8K4;
				GENERATE_INFOPLIST_FILE = YES;
				INFOPLIST_FILE = OpenBankTest/Info.plist;
				INFOPLIST_KEY_UIApplicationSupportsIndirectInputEvents = YES;
				INFOPLIST_KEY_UILaunchStoryboardName = LaunchScreen;
				INFOPLIST_KEY_UISupportedInterfaceOrientations = UIInterfaceOrientationPortrait;
				INFOPLIST_KEY_UISupportedInterfaceOrientations_iPad = "UIInterfaceOrientationPortrait UIInterfaceOrientationPortraitUpsideDown UIInterfaceOrientationLandscapeLeft UIInterfaceOrientationLandscapeRight";
				INFOPLIST_KEY_UISupportedInterfaceOrientations_iPhone = "UIInterfaceOrientationPortrait UIInterfaceOrientationLandscapeLeft UIInterfaceOrientationLandscapeRight";
				LD_RUNPATH_SEARCH_PATHS = (
					"$(inherited)",
					"@executable_path/Frameworks",
				);
				MARKETING_VERSION = 1.0;
				PRODUCT_BUNDLE_IDENTIFIER = es.mmartinez.OpenBankTest;
				PRODUCT_NAME = "$(TARGET_NAME)";
				SWIFT_EMIT_LOC_STRINGS = YES;
				SWIFT_VERSION = 5.0;
				TARGETED_DEVICE_FAMILY = 1;
			};
			name = Debug;
		};
		1B586C9E27A96C60005B2E30 /* Release */ = {
			isa = XCBuildConfiguration;
			buildSettings = {
				ASSETCATALOG_COMPILER_APPICON_NAME = AppIcon;
				ASSETCATALOG_COMPILER_GLOBAL_ACCENT_COLOR_NAME = AccentColor;
				CODE_SIGN_STYLE = Automatic;
				CURRENT_PROJECT_VERSION = 1;
				DEVELOPMENT_TEAM = VPNL9JW8K4;
				GENERATE_INFOPLIST_FILE = YES;
				INFOPLIST_FILE = OpenBankTest/Info.plist;
				INFOPLIST_KEY_UIApplicationSupportsIndirectInputEvents = YES;
				INFOPLIST_KEY_UILaunchStoryboardName = LaunchScreen;
				INFOPLIST_KEY_UISupportedInterfaceOrientations = UIInterfaceOrientationPortrait;
				INFOPLIST_KEY_UISupportedInterfaceOrientations_iPad = "UIInterfaceOrientationPortrait UIInterfaceOrientationPortraitUpsideDown UIInterfaceOrientationLandscapeLeft UIInterfaceOrientationLandscapeRight";
				INFOPLIST_KEY_UISupportedInterfaceOrientations_iPhone = "UIInterfaceOrientationPortrait UIInterfaceOrientationLandscapeLeft UIInterfaceOrientationLandscapeRight";
				LD_RUNPATH_SEARCH_PATHS = (
					"$(inherited)",
					"@executable_path/Frameworks",
				);
				MARKETING_VERSION = 1.0;
				PRODUCT_BUNDLE_IDENTIFIER = es.mmartinez.OpenBankTest;
				PRODUCT_NAME = "$(TARGET_NAME)";
				SWIFT_EMIT_LOC_STRINGS = YES;
				SWIFT_VERSION = 5.0;
				TARGETED_DEVICE_FAMILY = 1;
			};
			name = Release;
		};
		1B586CA027A96C60005B2E30 /* Debug */ = {
			isa = XCBuildConfiguration;
			buildSettings = {
				ALWAYS_EMBED_SWIFT_STANDARD_LIBRARIES = YES;
				BUNDLE_LOADER = "$(TEST_HOST)";
				CODE_SIGN_STYLE = Automatic;
				CURRENT_PROJECT_VERSION = 1;
				DEVELOPMENT_TEAM = VPNL9JW8K4;
				GENERATE_INFOPLIST_FILE = YES;
				IPHONEOS_DEPLOYMENT_TARGET = 15.2;
				MARKETING_VERSION = 1.0;
				PRODUCT_BUNDLE_IDENTIFIER = es.mmartinez.OpenBankTestTests;
				PRODUCT_NAME = "$(TARGET_NAME)";
				SWIFT_EMIT_LOC_STRINGS = NO;
				SWIFT_VERSION = 5.0;
				TARGETED_DEVICE_FAMILY = "1,2";
				TEST_HOST = "$(BUILT_PRODUCTS_DIR)/OpenBankTest.app/OpenBankTest";
			};
			name = Debug;
		};
		1B586CA127A96C60005B2E30 /* Release */ = {
			isa = XCBuildConfiguration;
			buildSettings = {
				ALWAYS_EMBED_SWIFT_STANDARD_LIBRARIES = YES;
				BUNDLE_LOADER = "$(TEST_HOST)";
				CODE_SIGN_STYLE = Automatic;
				CURRENT_PROJECT_VERSION = 1;
				DEVELOPMENT_TEAM = VPNL9JW8K4;
				GENERATE_INFOPLIST_FILE = YES;
				IPHONEOS_DEPLOYMENT_TARGET = 15.2;
				MARKETING_VERSION = 1.0;
				PRODUCT_BUNDLE_IDENTIFIER = es.mmartinez.OpenBankTestTests;
				PRODUCT_NAME = "$(TARGET_NAME)";
				SWIFT_EMIT_LOC_STRINGS = NO;
				SWIFT_VERSION = 5.0;
				TARGETED_DEVICE_FAMILY = "1,2";
				TEST_HOST = "$(BUILT_PRODUCTS_DIR)/OpenBankTest.app/OpenBankTest";
			};
			name = Release;
		};
		1B586CA327A96C60005B2E30 /* Debug */ = {
			isa = XCBuildConfiguration;
			buildSettings = {
				ALWAYS_EMBED_SWIFT_STANDARD_LIBRARIES = YES;
				CODE_SIGN_STYLE = Automatic;
				CURRENT_PROJECT_VERSION = 1;
				DEVELOPMENT_TEAM = VPNL9JW8K4;
				GENERATE_INFOPLIST_FILE = YES;
				MARKETING_VERSION = 1.0;
				PRODUCT_BUNDLE_IDENTIFIER = es.mmartinez.OpenBankTestUITests;
				PRODUCT_NAME = "$(TARGET_NAME)";
				SWIFT_EMIT_LOC_STRINGS = NO;
				SWIFT_VERSION = 5.0;
				TARGETED_DEVICE_FAMILY = "1,2";
				TEST_TARGET_NAME = OpenBankTest;
			};
			name = Debug;
		};
		1B586CA427A96C60005B2E30 /* Release */ = {
			isa = XCBuildConfiguration;
			buildSettings = {
				ALWAYS_EMBED_SWIFT_STANDARD_LIBRARIES = YES;
				CODE_SIGN_STYLE = Automatic;
				CURRENT_PROJECT_VERSION = 1;
				DEVELOPMENT_TEAM = VPNL9JW8K4;
				GENERATE_INFOPLIST_FILE = YES;
				MARKETING_VERSION = 1.0;
				PRODUCT_BUNDLE_IDENTIFIER = es.mmartinez.OpenBankTestUITests;
				PRODUCT_NAME = "$(TARGET_NAME)";
				SWIFT_EMIT_LOC_STRINGS = NO;
				SWIFT_VERSION = 5.0;
				TARGETED_DEVICE_FAMILY = "1,2";
				TEST_TARGET_NAME = OpenBankTest;
			};
			name = Release;
		};
/* End XCBuildConfiguration section */

/* Begin XCConfigurationList section */
		1B586C6D27A96C5E005B2E30 /* Build configuration list for PBXProject "OpenBankTest" */ = {
			isa = XCConfigurationList;
			buildConfigurations = (
				1B586C9A27A96C60005B2E30 /* Debug */,
				1B586C9B27A96C60005B2E30 /* Release */,
			);
			defaultConfigurationIsVisible = 0;
			defaultConfigurationName = Release;
		};
		1B586C9C27A96C60005B2E30 /* Build configuration list for PBXNativeTarget "OpenBankTest" */ = {
			isa = XCConfigurationList;
			buildConfigurations = (
				1B586C9D27A96C60005B2E30 /* Debug */,
				1B586C9E27A96C60005B2E30 /* Release */,
			);
			defaultConfigurationIsVisible = 0;
			defaultConfigurationName = Release;
		};
		1B586C9F27A96C60005B2E30 /* Build configuration list for PBXNativeTarget "OpenBankTestTests" */ = {
			isa = XCConfigurationList;
			buildConfigurations = (
				1B586CA027A96C60005B2E30 /* Debug */,
				1B586CA127A96C60005B2E30 /* Release */,
			);
			defaultConfigurationIsVisible = 0;
			defaultConfigurationName = Release;
		};
		1B586CA227A96C60005B2E30 /* Build configuration list for PBXNativeTarget "OpenBankTestUITests" */ = {
			isa = XCConfigurationList;
			buildConfigurations = (
				1B586CA327A96C60005B2E30 /* Debug */,
				1B586CA427A96C60005B2E30 /* Release */,
			);
			defaultConfigurationIsVisible = 0;
			defaultConfigurationName = Release;
		};
/* End XCConfigurationList section */

/* Begin XCSwiftPackageProductDependency section */
		1B17E50627AC249F00C8BCD9 /* OpenBankComponents */ = {
			isa = XCSwiftPackageProductDependency;
			productName = OpenBankComponents;
		};
		1B586CB427A96F2E005B2E30 /* Networking */ = {
			isa = XCSwiftPackageProductDependency;
			productName = Networking;
		};
/* End XCSwiftPackageProductDependency section */
	};
	rootObject = 1B586C6A27A96C5E005B2E30 /* Project object */;
}
